
Microsoft Visual Studio Solution File, Format Version 12.00
# Visual Studio Version 16
VisualStudioVersion = 16.0.31410.357
MinimumVisualStudioVersion = 10.0.40219.1
Project("{FAE04EC0-301F-11D3-BF4B-00C04F79EFBC}") = "SchoolProject", "SchoolProject\SchoolProject.csproj", "{FE985974-4BB8-43CC-86AE-DB30AD53D77C}"
EndProject
Global
	GlobalSection(SolutionConfigurationPlatforms) = preSolution
		Debug|Any CPU = Debug|Any CPU
		Release|Any CPU = Release|Any CPU
	EndGlobalSection
	GlobalSection(ProjectConfigurationPlatforms) = postSolution
		{FE985974-4BB8-43CC-86AE-DB30AD53D77C}.Debug|Any CPU.ActiveCfg = Debug|Any CPU
		{FE985974-4BB8-43CC-86AE-DB30AD53D77C}.Debug|Any CPU.Build.0 = Debug|Any CPU
		{FE985974-4BB8-43CC-86AE-DB30AD53D77C}.Release|Any CPU.ActiveCfg = Release|Any CPU
		{FE985974-4BB8-43CC-86AE-DB30AD53D77C}.Release|Any CPU.Build.0 = Release|Any CPU
	EndGlobalSection
	GlobalSection(SolutionProperties) = preSolution
		HideSolutionNode = FALSE
	EndGlobalSection
	GlobalSection(ExtensibilityGlobals) = postSolution
		SolutionGuid = {AAC298AB-2D14-40E7-9516-F0286BA776CD}
	EndGlobalSection
EndGlobal
